
Microsoft Visual Studio Solution File, Format Version 12.00
# Visual Studio Version 17
VisualStudioVersion = 17.8.34330.188
MinimumVisualStudioVersion = 10.0.40219.1
Project("{FAE04EC0-301F-11D3-BF4B-00C04F79EFBC}") = "Events", "Events\Events.csproj", "{7DA7F1C7-CB1E-42CF-B452-648628CA994F}"
EndProject
Global
	GlobalSection(SolutionConfigurationPlatforms) = preSolution
		Debug|Any CPU = Debug|Any CPU
		Release|Any CPU = Release|Any CPU
	EndGlobalSection
	GlobalSection(ProjectConfigurationPlatforms) = postSolution
		{7DA7F1C7-CB1E-42CF-B452-648628CA994F}.Debug|Any CPU.ActiveCfg = Debug|Any CPU
		{7DA7F1C7-CB1E-42CF-B452-648628CA994F}.Debug|Any CPU.Build.0 = Debug|Any CPU
		{7DA7F1C7-CB1E-42CF-B452-648628CA994F}.Release|Any CPU.ActiveCfg = Release|Any CPU
		{7DA7F1C7-CB1E-42CF-B452-648628CA994F}.Release|Any CPU.Build.0 = Release|Any CPU
	EndGlobalSection
	GlobalSection(SolutionProperties) = preSolution
		HideSolutionNode = FALSE
	EndGlobalSection
	GlobalSection(ExtensibilityGlobals) = postSolution
		SolutionGuid = {0891F19F-1DF6-4B2C-8BE0-AAFE329304A3}
	EndGlobalSection
EndGlobal
